// !$*UTF8*$!
{
	archiveVersion = 1;
	classes = {
	};
	objectVersion = 56;
	objects = {

/* Begin PBXBuildFile section */
		06FE06C8A5C9410FB47BCF49 /* RoundsHistoryView.swift in Sources */ = {isa = PBXBuildFile; fileRef = 41CE51AAB05945F5A4DE314E /* RoundsHistoryView.swift */; };
		6A27A5752F0C000000000001 /* SwingDetectionManager.swift in Sources */ = {isa = PBXBuildFile; fileRef = 6A27A5762F0C000000000002 /* SwingDetectionManager.swift */; };
		6A27A5772F0C000000000003 /* WorkoutManager.swift in Sources */ = {isa = PBXBuildFile; fileRef = 6A27A5782F0C000000000004 /* WorkoutManager.swift */; };
		6A27A5742EF7ABA000D64047 /* AddHoleNavigationView.swift in Sources */ = {isa = PBXBuildFile; fileRef = 6A27A5732EF7ABA000D64047 /* AddHoleNavigationView.swift */; };
		6A3253A92EF242DF0022829E /* AddHoleView.swift in Sources */ = {isa = PBXBuildFile; fileRef = 6A3253A82EF242DF0022829E /* AddHoleView.swift */; };
		6A3253AB2EF2E9C80022829E /* EditHoleView.swift in Sources */ = {isa = PBXBuildFile; fileRef = 6A3253AA2EF2E9C80022829E /* EditHoleView.swift */; };
		6A62981D2F0A09F900303CB6 /* MapCalculations.swift in Sources */ = {isa = PBXBuildFile; fileRef = 6A62981B2F0A09F900303CB6 /* MapCalculations.swift */; };
		6A6298202F0A0A3700303CB6 /* StrokeDetailsView.swift in Sources */ = {isa = PBXBuildFile; fileRef = 6A62981F2F0A0A3700303CB6 /* StrokeDetailsView.swift */; };
		6A6298212F0A0A3700303CB6 /* FloatingButtonsView.swift in Sources */ = {isa = PBXBuildFile; fileRef = 6A62981E2F0A0A3700303CB6 /* FloatingButtonsView.swift */; };
		6AB83CD22EDFADD200CE341C /* GolfTrackerApp.swift in Sources */ = {isa = PBXBuildFile; fileRef = 6AB83CD12EDFADD200CE341C /* GolfTrackerApp.swift */; };
		6AB83CD42EDFADD200CE341C /* ContentView.swift in Sources */ = {isa = PBXBuildFile; fileRef = 6AB83CD32EDFADD200CE341C /* ContentView.swift */; };
		6AB83CD62EDFADD400CE341C /* Assets.xcassets in Resources */ = {isa = PBXBuildFile; fileRef = 6AB83CD52EDFADD400CE341C /* Assets.xcassets */; };
		6AB83CD92EDFADD400CE341C /* Preview Assets.xcassets in Resources */ = {isa = PBXBuildFile; fileRef = 6AB83CD82EDFADD400CE341C /* Preview Assets.xcassets */; };
		6AB83CE52EDFB17500CE341C /* Models.swift in Sources */ = {isa = PBXBuildFile; fileRef = 6AB83CE42EDFB17500CE341C /* Models.swift */; };
		6AB83CE72EDFB19E00CE341C /* DataStore.swift in Sources */ = {isa = PBXBuildFile; fileRef = 6AB83CE62EDFB19E00CE341C /* DataStore.swift */; };
		6AB83CE92EDFB1D000CE341C /* CourseListView.swift in Sources */ = {isa = PBXBuildFile; fileRef = 6AB83CE82EDFB1D000CE341C /* CourseListView.swift */; };
		6AB83CEB2EDFB1EF00CE341C /* CourseEditorView.swift in Sources */ = {isa = PBXBuildFile; fileRef = 6AB83CEA2EDFB1EF00CE341C /* CourseEditorView.swift */; };
		6AB83CEE2EDFB75100CE341C /* HolePlayView.swift in Sources */ = {isa = PBXBuildFile; fileRef = 6AB83CED2EDFB75100CE341C /* HolePlayView.swift */; };
		19E70996A39C481D84518D00 /* TestFilesView.swift in Sources */ = {isa = PBXBuildFile; fileRef = EF978CD92BED4BEA9163F87B /* TestFilesView.swift */; };
		6AB83CF02EDFB78400CE341C /* LocationManager.swift in Sources */ = {isa = PBXBuildFile; fileRef = 6AB83CEF2EDFB78400CE341C /* LocationManager.swift */; };
		6AD5EA7F2EE3A5F000DDDCF0 /* EditModeViews.swift in Sources */ = {isa = PBXBuildFile; fileRef = 6AD5EA7A2EE3A5EF00DDDCF0 /* EditModeViews.swift */; };
		6AD5EA802EE3A5F000DDDCF0 /* HolePlayModifiers.swift in Sources */ = {isa = PBXBuildFile; fileRef = 6AD5EA7B2EE3A5EF00DDDCF0 /* HolePlayModifiers.swift */; };
		6AD5EA812EE3A5F000DDDCF0 /* MapAnnotations.swift in Sources */ = {isa = PBXBuildFile; fileRef = 6AD5EA7C2EE3A5EF00DDDCF0 /* MapAnnotations.swift */; };
		6AD5EA822EE3A5F000DDDCF0 /* HoleOverlayControls.swift in Sources */ = {isa = PBXBuildFile; fileRef = 6AD5EA7D2EE3A5EF00DDDCF0 /* HoleOverlayControls.swift */; };
		6AD5EA832EE3A5F000DDDCF0 /* HoleMapView.swift in Sources */ = {isa = PBXBuildFile; fileRef = 6AD5EA7E2EE3A5EF00DDDCF0 /* HoleMapView.swift */; };
		6AD5EAB62EE3B79B00DDDCF0 /* GolfWatchApp.swift in Sources */ = {isa = PBXBuildFile; fileRef = 6AD5EAB52EE3B79B00DDDCF0 /* GolfWatchApp.swift */; };
		6AD5EAB82EE3B79B00DDDCF0 /* ContentView.swift in Sources */ = {isa = PBXBuildFile; fileRef = 6AD5EAB72EE3B79B00DDDCF0 /* ContentView.swift */; };
		6AD5EABA2EE3B79E00DDDCF0 /* Assets.xcassets in Resources */ = {isa = PBXBuildFile; fileRef = 6AD5EAB92EE3B79E00DDDCF0 /* Assets.xcassets */; };
		6AD5EABD2EE3B79E00DDDCF0 /* Preview Assets.xcassets in Resources */ = {isa = PBXBuildFile; fileRef = 6AD5EABC2EE3B79E00DDDCF0 /* Preview Assets.xcassets */; };
		6AD5EAC02EE3B79E00DDDCF0 /* GolfWatch Watch App.app in Embed Watch Content */ = {isa = PBXBuildFile; fileRef = 6AD5EAB32EE3B79B00DDDCF0 /* GolfWatch Watch App.app */; settings = {ATTRIBUTES = (RemoveHeadersOnCopy, ); }; };
		6AD5EAC72EE3B7EB00DDDCF0 /* ActiveRoundView.swift in Sources */ = {isa = PBXBuildFile; fileRef = 6AD5EAC62EE3B7EB00DDDCF0 /* ActiveRoundView.swift */; };
		6AD5EAC92EE3B80700DDDCF0 /* WatchDataStore.swift in Sources */ = {isa = PBXBuildFile; fileRef = 6AD5EAC82EE3B80700DDDCF0 /* WatchDataStore.swift */; };
		FAEE76F6916D6EF479166310 /* AccelTestView.swift in Sources */ = {isa = PBXBuildFile; fileRef = 0103B059B95381AAE6DFE359 /* AccelTestView.swift */; };
		6AD5EACA2EE3B82E00DDDCF0 /* LocationManager.swift in Sources */ = {isa = PBXBuildFile; fileRef = 6AB83CEF2EDFB78400CE341C /* LocationManager.swift */; };
		6AD5EACB2EE3B83200DDDCF0 /* DataStore.swift in Sources */ = {isa = PBXBuildFile; fileRef = 6AB83CE62EDFB19E00CE341C /* DataStore.swift */; };
		6AD5EACC2EE3B83600DDDCF0 /* Models.swift in Sources */ = {isa = PBXBuildFile; fileRef = 6AB83CE42EDFB17500CE341C /* Models.swift */; };
		6AD5EACE2EE47B0D00DDDCF0 /* WatchConnectivityManager.swift in Sources */ = {isa = PBXBuildFile; fileRef = 6AD5EACD2EE47B0D00DDDCF0 /* WatchConnectivityManager.swift */; };
		6AD5EACF2EE47B1500DDDCF0 /* WatchConnectivityManager.swift in Sources */ = {isa = PBXBuildFile; fileRef = 6AD5EACD2EE47B0D00DDDCF0 /* WatchConnectivityManager.swift */; };
		6C8B4EAC38754620BA3C4CB0 /* RoundDetailView.swift in Sources */ = {isa = PBXBuildFile; fileRef = 70A60D673360436FB2457C24 /* RoundDetailView.swift */; };
		E4F925C1F0D4499B99626884 /* CourseDetailView.swift in Sources */ = {isa = PBXBuildFile; fileRef = B06522DFDE374AFFB8DC4411 /* CourseDetailView.swift */; };
/* End PBXBuildFile section */

/* Begin PBXContainerItemProxy section */
		6AD5EABE2EE3B79E00DDDCF0 /* PBXContainerItemProxy */ = {
			isa = PBXContainerItemProxy;
			containerPortal = 6AB83CC62EDFADD200CE341C /* Project object */;
			proxyType = 1;
			remoteGlobalIDString = 6AD5EAB22EE3B79B00DDDCF0;
			remoteInfo = "GolfWatch Watch App";
		};
/* End PBXContainerItemProxy section */

/* Begin PBXCopyFilesBuildPhase section */
		6AD5EA9E2EE3ADAD00DDDCF0 /* Embed Watch Content */ = {
			isa = PBXCopyFilesBuildPhase;
			buildActionMask = 2147483647;
			dstPath = "$(CONTENTS_FOLDER_PATH)/Watch";
			dstSubfolderSpec = 16;
			files = (
				6AD5EAC02EE3B79E00DDDCF0 /* GolfWatch Watch App.app in Embed Watch Content */,
			);
			name = "Embed Watch Content";
			runOnlyForDeploymentPostprocessing = 0;
		};
/* End PBXCopyFilesBuildPhase section */

/* Begin PBXFileReference section */
		41CE51AAB05945F5A4DE314E /* RoundsHistoryView.swift */ = {isa = PBXFileReference; lastKnownFileType = sourcecode.swift; path = RoundsHistoryView.swift; sourceTree = "<group>"; };
		6A27A5762F0C000000000002 /* SwingDetectionManager.swift */ = {isa = PBXFileReference; lastKnownFileType = sourcecode.swift; path = SwingDetectionManager.swift; sourceTree = "<group>"; };
		6A27A5782F0C000000000004 /* WorkoutManager.swift */ = {isa = PBXFileReference; lastKnownFileType = sourcecode.swift; path = WorkoutManager.swift; sourceTree = "<group>"; };
		6A27A5732EF7ABA000D64047 /* AddHoleNavigationView.swift */ = {isa = PBXFileReference; lastKnownFileType = sourcecode.swift; path = AddHoleNavigationView.swift; sourceTree = "<group>"; };
		6A3253A82EF242DF0022829E /* AddHoleView.swift */ = {isa = PBXFileReference; lastKnownFileType = sourcecode.swift; path = AddHoleView.swift; sourceTree = "<group>"; };
		6A3253AA2EF2E9C80022829E /* EditHoleView.swift */ = {isa = PBXFileReference; lastKnownFileType = sourcecode.swift; path = EditHoleView.swift; sourceTree = "<group>"; };
		6A62981B2F0A09F900303CB6 /* MapCalculations.swift */ = {isa = PBXFileReference; lastKnownFileType = sourcecode.swift; path = MapCalculations.swift; sourceTree = "<group>"; };
		6A62981E2F0A0A3700303CB6 /* FloatingButtonsView.swift */ = {isa = PBXFileReference; lastKnownFileType = sourcecode.swift; path = FloatingButtonsView.swift; sourceTree = "<group>"; };
		6A62981F2F0A0A3700303CB6 /* StrokeDetailsView.swift */ = {isa = PBXFileReference; lastKnownFileType = sourcecode.swift; path = StrokeDetailsView.swift; sourceTree = "<group>"; };
		6AB83CCE2EDFADD200CE341C /* GolfTracker.app */ = {isa = PBXFileReference; explicitFileType = wrapper.application; includeInIndex = 0; path = GolfTracker.app; sourceTree = BUILT_PRODUCTS_DIR; };
		6AB83CD12EDFADD200CE341C /* GolfTrackerApp.swift */ = {isa = PBXFileReference; lastKnownFileType = sourcecode.swift; path = GolfTrackerApp.swift; sourceTree = "<group>"; };
		6AB83CD32EDFADD200CE341C /* ContentView.swift */ = {isa = PBXFileReference; lastKnownFileType = sourcecode.swift; path = ContentView.swift; sourceTree = "<group>"; };
		6AB83CD52EDFADD400CE341C /* Assets.xcassets */ = {isa = PBXFileReference; lastKnownFileType = folder.assetcatalog; path = Assets.xcassets; sourceTree = "<group>"; };
		6AB83CD82EDFADD400CE341C /* Preview Assets.xcassets */ = {isa = PBXFileReference; lastKnownFileType = folder.assetcatalog; path = "Preview Assets.xcassets"; sourceTree = "<group>"; };
		6AB83CDA2EDFADD400CE341C /* GolfTracker.entitlements */ = {isa = PBXFileReference; lastKnownFileType = text.plist.entitlements; path = GolfTracker.entitlements; sourceTree = "<group>"; };
		6AB83CE42EDFB17500CE341C /* Models.swift */ = {isa = PBXFileReference; lastKnownFileType = sourcecode.swift; path = Models.swift; sourceTree = "<group>"; };
		6AB83CE62EDFB19E00CE341C /* DataStore.swift */ = {isa = PBXFileReference; lastKnownFileType = sourcecode.swift; path = DataStore.swift; sourceTree = "<group>"; };
		6AB83CE82EDFB1D000CE341C /* CourseListView.swift */ = {isa = PBXFileReference; lastKnownFileType = sourcecode.swift; path = CourseListView.swift; sourceTree = "<group>"; };
		6AB83CEA2EDFB1EF00CE341C /* CourseEditorView.swift */ = {isa = PBXFileReference; lastKnownFileType = sourcecode.swift; path = CourseEditorView.swift; sourceTree = "<group>"; };
		6AB83CEC2EDFB5EF00CE341C /* README.md */ = {isa = PBXFileReference; lastKnownFileType = net.daringfireball.markdown; path = README.md; sourceTree = "<group>"; };
		6AB83CED2EDFB75100CE341C /* HolePlayView.swift */ = {isa = PBXFileReference; fileEncoding = 4; lastKnownFileType = sourcecode.swift; path = HolePlayView.swift; sourceTree = "<group>"; };
		EF978CD92BED4BEA9163F87B /* TestFilesView.swift */ = {isa = PBXFileReference; lastKnownFileType = sourcecode.swift; path = TestFilesView.swift; sourceTree = "<group>"; };
		6AB83CEF2EDFB78400CE341C /* LocationManager.swift */ = {isa = PBXFileReference; fileEncoding = 4; lastKnownFileType = sourcecode.swift; path = LocationManager.swift; sourceTree = "<group>"; };
		6AB83CF12EDFB79300CE341C /* Info.plist */ = {isa = PBXFileReference; fileEncoding = 4; lastKnownFileType = text.plist.xml; path = Info.plist; sourceTree = "<group>"; };
		6AD5EA7A2EE3A5EF00DDDCF0 /* EditModeViews.swift */ = {isa = PBXFileReference; fileEncoding = 4; lastKnownFileType = sourcecode.swift; path = EditModeViews.swift; sourceTree = "<group>"; };
		6AD5EA7B2EE3A5EF00DDDCF0 /* HolePlayModifiers.swift */ = {isa = PBXFileReference; fileEncoding = 4; lastKnownFileType = sourcecode.swift; path = HolePlayModifiers.swift; sourceTree = "<group>"; };
		6AD5EA7C2EE3A5EF00DDDCF0 /* MapAnnotations.swift */ = {isa = PBXFileReference; fileEncoding = 4; lastKnownFileType = sourcecode.swift; path = MapAnnotations.swift; sourceTree = "<group>"; };
		6AD5EA7D2EE3A5EF00DDDCF0 /* HoleOverlayControls.swift */ = {isa = PBXFileReference; fileEncoding = 4; lastKnownFileType = sourcecode.swift; path = HoleOverlayControls.swift; sourceTree = "<group>"; };
		6AD5EA7E2EE3A5EF00DDDCF0 /* HoleMapView.swift */ = {isa = PBXFileReference; fileEncoding = 4; lastKnownFileType = sourcecode.swift; path = HoleMapView.swift; sourceTree = "<group>"; };
		6AD5EAB32EE3B79B00DDDCF0 /* GolfWatch Watch App.app */ = {isa = PBXFileReference; explicitFileType = wrapper.application; includeInIndex = 0; path = "GolfWatch Watch App.app"; sourceTree = BUILT_PRODUCTS_DIR; };
		6AD5EAB52EE3B79B00DDDCF0 /* GolfWatchApp.swift */ = {isa = PBXFileReference; lastKnownFileType = sourcecode.swift; path = GolfWatchApp.swift; sourceTree = "<group>"; };
		6AD5EAB72EE3B79B00DDDCF0 /* ContentView.swift */ = {isa = PBXFileReference; lastKnownFileType = sourcecode.swift; path = ContentView.swift; sourceTree = "<group>"; };
		6AD5EAB92EE3B79E00DDDCF0 /* Assets.xcassets */ = {isa = PBXFileReference; lastKnownFileType = folder.assetcatalog; path = Assets.xcassets; sourceTree = "<group>"; };
		6AD5EABC2EE3B79E00DDDCF0 /* Preview Assets.xcassets */ = {isa = PBXFileReference; lastKnownFileType = folder.assetcatalog; path = "Preview Assets.xcassets"; sourceTree = "<group>"; };
		6AD5EAC62EE3B7EB00DDDCF0 /* ActiveRoundView.swift */ = {isa = PBXFileReference; lastKnownFileType = sourcecode.swift; path = ActiveRoundView.swift; sourceTree = "<group>"; };
		6AD5EAC82EE3B80700DDDCF0 /* WatchDataStore.swift */ = {isa = PBXFileReference; lastKnownFileType = sourcecode.swift; path = WatchDataStore.swift; sourceTree = "<group>"; };
		0103B059B95381AAE6DFE359 /* AccelTestView.swift */ = {isa = PBXFileReference; lastKnownFileType = sourcecode.swift; path = AccelTestView.swift; sourceTree = "<group>"; };
		6AD5EACD2EE47B0D00DDDCF0 /* WatchConnectivityManager.swift */ = {isa = PBXFileReference; fileEncoding = 4; lastKnownFileType = sourcecode.swift; path = WatchConnectivityManager.swift; sourceTree = "<group>"; };
		70A60D673360436FB2457C24 /* RoundDetailView.swift */ = {isa = PBXFileReference; lastKnownFileType = sourcecode.swift; path = RoundDetailView.swift; sourceTree = "<group>"; };
		B06522DFDE374AFFB8DC4411 /* CourseDetailView.swift */ = {isa = PBXFileReference; lastKnownFileType = sourcecode.swift; path = CourseDetailView.swift; sourceTree = "<group>"; };
/* End PBXFileReference section */

/* Begin PBXFrameworksBuildPhase section */
		6AB83CCB2EDFADD200CE341C /* Frameworks */ = {
			isa = PBXFrameworksBuildPhase;
			buildActionMask = 2147483647;
			files = (
			);
			runOnlyForDeploymentPostprocessing = 0;
		};
		6AD5EAB02EE3B79B00DDDCF0 /* Frameworks */ = {
			isa = PBXFrameworksBuildPhase;
			buildActionMask = 2147483647;
			files = (
			);
			runOnlyForDeploymentPostprocessing = 0;
		};
/* End PBXFrameworksBuildPhase section */

/* Begin PBXGroup section */
		6A62981C2F0A09F900303CB6 /* Helpers */ = {
			isa = PBXGroup;
			children = (
				6A62981B2F0A09F900303CB6 /* MapCalculations.swift */,
			);
			path = Helpers;
			sourceTree = "<group>";
		};
		6AB83CC52EDFADD200CE341C = {
			isa = PBXGroup;
			children = (
				6AB83CD02EDFADD200CE341C /* GolfTracker */,
				6AD5EAB42EE3B79B00DDDCF0 /* GolfWatch Watch App */,
				6AB83CCF2EDFADD200CE341C /* Products */,
			);
			sourceTree = "<group>";
		};
		6AB83CCF2EDFADD200CE341C /* Products */ = {
			isa = PBXGroup;
			children = (
				6AB83CCE2EDFADD200CE341C /* GolfTracker.app */,
				6AD5EAB32EE3B79B00DDDCF0 /* GolfWatch Watch App.app */,
			);
			name = Products;
			sourceTree = "<group>";
		};
		6AB83CD02EDFADD200CE341C /* GolfTracker */ = {
			isa = PBXGroup;
			children = (
				6A62981C2F0A09F900303CB6 /* Helpers */,
				6AB83CF12EDFB79300CE341C /* Info.plist */,
				6AB83CE32EDFB12B00CE341C /* Services */,
				6AB83CE22EDFB12300CE341C /* Views */,
				6AB83CE12EDFB11C00CE341C /* Models */,
				6AB83CE02EDFB10F00CE341C /* App */,
				6AB83CD52EDFADD400CE341C /* Assets.xcassets */,
				6AB83CDA2EDFADD400CE341C /* GolfTracker.entitlements */,
				6AB83CD72EDFADD400CE341C /* Preview Content */,
				6AB83CEC2EDFB5EF00CE341C /* README.md */,
			);
			path = GolfTracker;
			sourceTree = "<group>";
		};
		6AB83CD72EDFADD400CE341C /* Preview Content */ = {
			isa = PBXGroup;
			children = (
				6AB83CD82EDFADD400CE341C /* Preview Assets.xcassets */,
			);
			path = "Preview Content";
			sourceTree = "<group>";
		};
		6AB83CE02EDFB10F00CE341C /* App */ = {
			isa = PBXGroup;
			children = (
				6AB83CD12EDFADD200CE341C /* GolfTrackerApp.swift */,
			);
			path = App;
			sourceTree = "<group>";
		};
		6AB83CE12EDFB11C00CE341C /* Models */ = {
			isa = PBXGroup;
			children = (
				6AB83CE42EDFB17500CE341C /* Models.swift */,
			);
			path = Models;
			sourceTree = "<group>";
		};
		6AB83CE22EDFB12300CE341C /* Views */ = {
			isa = PBXGroup;
			children = (
				6AD5EA872EE3A85400DDDCF0 /* Shared */,
				6AD5EA862EE3A84C00DDDCF0 /* Play */,
				6AD5EA852EE3A84500DDDCF0 /* Rounds */,
				6AD5EA842EE3A82400DDDCF0 /* Courses */,
				4381767E895845BB8E680CE2 /* Test */,
				6AB83CD32EDFADD200CE341C /* ContentView.swift */,
			);
			path = Views;
			sourceTree = "<group>";
		};
		6AB83CE32EDFB12B00CE341C /* Services */ = {
			isa = PBXGroup;
			children = (
				6AD5EACD2EE47B0D00DDDCF0 /* WatchConnectivityManager.swift */,
				6AB83CEF2EDFB78400CE341C /* LocationManager.swift */,
				6AB83CE62EDFB19E00CE341C /* DataStore.swift */,
			);
			path = Services;
			sourceTree = "<group>";
		};
		6AD5EA842EE3A82400DDDCF0 /* Courses */ = {
			isa = PBXGroup;
			children = (
				6AB83CE82EDFB1D000CE341C /* CourseListView.swift */,
				6AB83CEA2EDFB1EF00CE341C /* CourseEditorView.swift */,
				B06522DFDE374AFFB8DC4411 /* CourseDetailView.swift */,
			);
			path = Courses;
			sourceTree = "<group>";
		};
		6AD5EA852EE3A84500DDDCF0 /* Rounds */ = {
			isa = PBXGroup;
			children = (
				41CE51AAB05945F5A4DE314E /* RoundsHistoryView.swift */,
				70A60D673360436FB2457C24 /* RoundDetailView.swift */,
			);
			path = Rounds;
			sourceTree = "<group>";
		};
		4381767E895845BB8E680CE2 /* Test */ = {
			isa = PBXGroup;
			children = (
				EF978CD92BED4BEA9163F87B /* TestFilesView.swift */,
			);
			path = Test;
			sourceTree = "<group>";
		};
		6AD5EA862EE3A84C00DDDCF0 /* Play */ = {
			isa = PBXGroup;
			children = (
				6A62981E2F0A0A3700303CB6 /* FloatingButtonsView.swift */,
				6A62981F2F0A0A3700303CB6 /* StrokeDetailsView.swift */,
				6AD5EA882EE3A8CC00DDDCF0 /* Components */,
				6AB83CED2EDFB75100CE341C /* HolePlayView.swift */,
				6AD5EA7E2EE3A5EF00DDDCF0 /* HoleMapView.swift */,
				6AD5EA7D2EE3A5EF00DDDCF0 /* HoleOverlayControls.swift */,
			);
			path = Play;
			sourceTree = "<group>";
		};
		6AD5EA872EE3A85400DDDCF0 /* Shared */ = {
			isa = PBXGroup;
			children = (
				6AD5EA7C2EE3A5EF00DDDCF0 /* MapAnnotations.swift */,
			);
			path = Shared;
			sourceTree = "<group>";
		};
		6AD5EA882EE3A8CC00DDDCF0 /* Components */ = {
			isa = PBXGroup;
			children = (
				6AD5EA7B2EE3A5EF00DDDCF0 /* HolePlayModifiers.swift */,
				6AD5EA7A2EE3A5EF00DDDCF0 /* EditModeViews.swift */,
			);
			path = Components;
			sourceTree = "<group>";
		};
		6AD5EAB42EE3B79B00DDDCF0 /* GolfWatch Watch App */ = {
			isa = PBXGroup;
			children = (
				6AD5EAC52EE3B7CF00DDDCF0 /* Views */,
				6AD5EAC42EE3B7C800DDDCF0 /* Services */,
				6AD5EAB52EE3B79B00DDDCF0 /* GolfWatchApp.swift */,
				6AD5EAB72EE3B79B00DDDCF0 /* ContentView.swift */,
				6AD5EAB92EE3B79E00DDDCF0 /* Assets.xcassets */,
				6AD5EABB2EE3B79E00DDDCF0 /* Preview Content */,
			);
			path = "GolfWatch Watch App";
			sourceTree = "<group>";
		};
		6AD5EABB2EE3B79E00DDDCF0 /* Preview Content */ = {
			isa = PBXGroup;
			children = (
				6AD5EABC2EE3B79E00DDDCF0 /* Preview Assets.xcassets */,
			);
			path = "Preview Content";
			sourceTree = "<group>";
		};
		6AD5EAC42EE3B7C800DDDCF0 /* Services */ = {
			isa = PBXGroup;
			children = (
				6AD5EAC82EE3B80700DDDCF0 /* WatchDataStore.swift */,
				6A27A5762F0C000000000002 /* SwingDetectionManager.swift */,
				6A27A5782F0C000000000004 /* WorkoutManager.swift */,
			);
			path = Services;
			sourceTree = "<group>";
		};
		6AD5EAC52EE3B7CF00DDDCF0 /* Views */ = {
			isa = PBXGroup;
			children = (
				6A27A5732EF7ABA000D64047 /* AddHoleNavigationView.swift */,
				6A3253AA2EF2E9C80022829E /* EditHoleView.swift */,
				6A3253A82EF242DF0022829E /* AddHoleView.swift */,
				6AD5EAC62EE3B7EB00DDDCF0 /* ActiveRoundView.swift */,
				0103B059B95381AAE6DFE359 /* AccelTestView.swift */,
			);
			path = Views;
			sourceTree = "<group>";
		};
/* End PBXGroup section */

/* Begin PBXNativeTarget section */
		6AB83CCD2EDFADD200CE341C /* GolfTracker */ = {
			isa = PBXNativeTarget;
			buildConfigurationList = 6AB83CDD2EDFADD400CE341C /* Build configuration list for PBXNativeTarget "GolfTracker" */;
			buildPhases = (
				6AB83CCA2EDFADD200CE341C /* Sources */,
				6AB83CCB2EDFADD200CE341C /* Frameworks */,
				6AB83CCC2EDFADD200CE341C /* Resources */,
				6AD5EA9E2EE3ADAD00DDDCF0 /* Embed Watch Content */,
			);
			buildRules = (
			);
			dependencies = (
				6AD5EABF2EE3B79E00DDDCF0 /* PBXTargetDependency */,
			);
			name = GolfTracker;
			productName = GolfTracker;
			productReference = 6AB83CCE2EDFADD200CE341C /* GolfTracker.app */;
			productType = "com.apple.product-type.application";
		};
		6AD5EAB22EE3B79B00DDDCF0 /* GolfWatch Watch App */ = {
			isa = PBXNativeTarget;
			buildConfigurationList = 6AD5EAC12EE3B79E00DDDCF0 /* Build configuration list for PBXNativeTarget "GolfWatch Watch App" */;
			buildPhases = (
				6AD5EAAF2EE3B79B00DDDCF0 /* Sources */,
				6AD5EAB02EE3B79B00DDDCF0 /* Frameworks */,
				6AD5EAB12EE3B79B00DDDCF0 /* Resources */,
			);
			buildRules = (
			);
			dependencies = (
			);
			name = "GolfWatch Watch App";
			productName = "GolfWatch Watch App";
			productReference = 6AD5EAB32EE3B79B00DDDCF0 /* GolfWatch Watch App.app */;
			productType = "com.apple.product-type.application";
		};
/* End PBXNativeTarget section */

/* Begin PBXProject section */
		6AB83CC62EDFADD200CE341C /* Project object */ = {
			isa = PBXProject;
			attributes = {
				BuildIndependentTargetsInParallel = 1;
				LastSwiftUpdateCheck = 1540;
				LastUpgradeCheck = 1540;
				TargetAttributes = {
					6AB83CCD2EDFADD200CE341C = {
						CreatedOnToolsVersion = 15.4;
					};
					6AD5EAB22EE3B79B00DDDCF0 = {
						CreatedOnToolsVersion = 15.4;
					};
				};
			};
			buildConfigurationList = 6AB83CC92EDFADD200CE341C /* Build configuration list for PBXProject "GolfTracker" */;
			compatibilityVersion = "Xcode 14.0";
			developmentRegion = en;
			hasScannedForEncodings = 0;
			knownRegions = (
				en,
				Base,
			);
			mainGroup = 6AB83CC52EDFADD200CE341C;
			productRefGroup = 6AB83CCF2EDFADD200CE341C /* Products */;
			projectDirPath = "";
			projectRoot = "";
			targets = (
				6AB83CCD2EDFADD200CE341C /* GolfTracker */,
				6AD5EAB22EE3B79B00DDDCF0 /* GolfWatch Watch App */,
			);
		};
/* End PBXProject section */

/* Begin PBXResourcesBuildPhase section */
		6AB83CCC2EDFADD200CE341C /* Resources */ = {
			isa = PBXResourcesBuildPhase;
			buildActionMask = 2147483647;
			files = (
				6AB83CD92EDFADD400CE341C /* Preview Assets.xcassets in Resources */,
				6AB83CD62EDFADD400CE341C /* Assets.xcassets in Resources */,
			);
			runOnlyForDeploymentPostprocessing = 0;
		};
		6AD5EAB12EE3B79B00DDDCF0 /* Resources */ = {
			isa = PBXResourcesBuildPhase;
			buildActionMask = 2147483647;
			files = (
				6AD5EABD2EE3B79E00DDDCF0 /* Preview Assets.xcassets in Resources */,
				6AD5EABA2EE3B79E00DDDCF0 /* Assets.xcassets in Resources */,
			);
			runOnlyForDeploymentPostprocessing = 0;
		};
/* End PBXResourcesBuildPhase section */

/* Begin PBXSourcesBuildPhase section */
		6AB83CCA2EDFADD200CE341C /* Sources */ = {
			isa = PBXSourcesBuildPhase;
			buildActionMask = 2147483647;
			files = (
				E4F925C1F0D4499B99626884 /* CourseDetailView.swift in Sources */,
				6A6298202F0A0A3700303CB6 /* StrokeDetailsView.swift in Sources */,
				6A6298212F0A0A3700303CB6 /* FloatingButtonsView.swift in Sources */,
				6AD5EA7F2EE3A5F000DDDCF0 /* EditModeViews.swift in Sources */,
				6AB83CE52EDFB17500CE341C /* Models.swift in Sources */,
				6AD5EA822EE3A5F000DDDCF0 /* HoleOverlayControls.swift in Sources */,
				6AB83CE72EDFB19E00CE341C /* DataStore.swift in Sources */,
				6AB83CEB2EDFB1EF00CE341C /* CourseEditorView.swift in Sources */,
				6AB83CEE2EDFB75100CE341C /* HolePlayView.swift in Sources */,
				6AD5EA802EE3A5F000DDDCF0 /* HolePlayModifiers.swift in Sources */,
				6AB83CF02EDFB78400CE341C /* LocationManager.swift in Sources */,
				6AD5EACE2EE47B0D00DDDCF0 /* WatchConnectivityManager.swift in Sources */,
				6AB83CE92EDFB1D000CE341C /* CourseListView.swift in Sources */,
				19E70996A39C481D84518D00 /* TestFilesView.swift in Sources */,
				06FE06C8A5C9410FB47BCF49 /* RoundsHistoryView.swift in Sources */,
				6AD5EA812EE3A5F000DDDCF0 /* MapAnnotations.swift in Sources */,
				6C8B4EAC38754620BA3C4CB0 /* RoundDetailView.swift in Sources */,
				6A62981D2F0A09F900303CB6 /* MapCalculations.swift in Sources */,
				6AB83CD42EDFADD200CE341C /* ContentView.swift in Sources */,
				6AB83CD22EDFADD200CE341C /* GolfTrackerApp.swift in Sources */,
				6AD5EA832EE3A5F000DDDCF0 /* HoleMapView.swift in Sources */,
			);
			runOnlyForDeploymentPostprocessing = 0;
		};
		6AD5EAAF2EE3B79B00DDDCF0 /* Sources */ = {
			isa = PBXSourcesBuildPhase;
			buildActionMask = 2147483647;
			files = (
				6A27A5742EF7ABA000D64047 /* AddHoleNavigationView.swift in Sources */,
				6A3253A92EF242DF0022829E /* AddHoleView.swift in Sources */,
				6AD5EAB82EE3B79B00DDDCF0 /* ContentView.swift in Sources */,
				6AD5EACB2EE3B83200DDDCF0 /* DataStore.swift in Sources */,
				6AD5EACF2EE47B1500DDDCF0 /* WatchConnectivityManager.swift in Sources */,
				6AD5EAC92EE3B80700DDDCF0 /* WatchDataStore.swift in Sources */,
				6A27A5752F0C000000000001 /* SwingDetectionManager.swift in Sources */,
				6A27A5772F0C000000000003 /* WorkoutManager.swift in Sources */,
				6AD5EACA2EE3B82E00DDDCF0 /* LocationManager.swift in Sources */,
				6A3253AB2EF2E9C80022829E /* EditHoleView.swift in Sources */,
				FAEE76F6916D6EF479166310 /* AccelTestView.swift in Sources */,
				6AD5EAC72EE3B7EB00DDDCF0 /* ActiveRoundView.swift in Sources */,
				6AD5EAB62EE3B79B00DDDCF0 /* GolfWatchApp.swift in Sources */,
				6AD5EACC2EE3B83600DDDCF0 /* Models.swift in Sources */,
			);
			runOnlyForDeploymentPostprocessing = 0;
		};
/* End PBXSourcesBuildPhase section */

/* Begin PBXTargetDependency section */
		6AD5EABF2EE3B79E00DDDCF0 /* PBXTargetDependency */ = {
			isa = PBXTargetDependency;
			target = 6AD5EAB22EE3B79B00DDDCF0 /* GolfWatch Watch App */;
			targetProxy = 6AD5EABE2EE3B79E00DDDCF0 /* PBXContainerItemProxy */;
		};
/* End PBXTargetDependency section */

/* Begin XCBuildConfiguration section */
		6AB83CDB2EDFADD400CE341C /* Debug */ = {
			isa = XCBuildConfiguration;
			buildSettings = {
				ALWAYS_SEARCH_USER_PATHS = NO;
				ASSETCATALOG_COMPILER_GENERATE_SWIFT_ASSET_SYMBOL_EXTENSIONS = YES;
				CLANG_ANALYZER_NONNULL = YES;
				CLANG_ANALYZER_NUMBER_OBJECT_CONVERSION = YES_AGGRESSIVE;
				CLANG_CXX_LANGUAGE_STANDARD = "gnu++20";
				CLANG_ENABLE_MODULES = YES;
				CLANG_ENABLE_OBJC_ARC = YES;
				CLANG_ENABLE_OBJC_WEAK = YES;
				CLANG_WARN_BLOCK_CAPTURE_AUTORELEASING = YES;
				CLANG_WARN_BOOL_CONVERSION = YES;
				CLANG_WARN_COMMA = YES;
				CLANG_WARN_CONSTANT_CONVERSION = YES;
				CLANG_WARN_DEPRECATED_OBJC_IMPLEMENTATIONS = YES;
				CLANG_WARN_DIRECT_OBJC_ISA_USAGE = YES_ERROR;
				CLANG_WARN_DOCUMENTATION_COMMENTS = YES;
				CLANG_WARN_EMPTY_BODY = YES;
				CLANG_WARN_ENUM_CONVERSION = YES;
				CLANG_WARN_INFINITE_RECURSION = YES;
				CLANG_WARN_INT_CONVERSION = YES;
				CLANG_WARN_NON_LITERAL_NULL_CONVERSION = YES;
				CLANG_WARN_OBJC_IMPLICIT_RETAIN_SELF = YES;
				CLANG_WARN_OBJC_LITERAL_CONVERSION = YES;
				CLANG_WARN_OBJC_ROOT_CLASS = YES_ERROR;
				CLANG_WARN_QUOTED_INCLUDE_IN_FRAMEWORK_HEADER = YES;
				CLANG_WARN_RANGE_LOOP_ANALYSIS = YES;
				CLANG_WARN_STRICT_PROTOTYPES = YES;
				CLANG_WARN_SUSPICIOUS_MOVE = YES;
				CLANG_WARN_UNGUARDED_AVAILABILITY = YES_AGGRESSIVE;
				CLANG_WARN_UNREACHABLE_CODE = YES;
				CLANG_WARN__DUPLICATE_METHOD_MATCH = YES;
				COPY_PHASE_STRIP = NO;
				DEBUG_INFORMATION_FORMAT = dwarf;
				ENABLE_STRICT_OBJC_MSGSEND = YES;
				ENABLE_TESTABILITY = YES;
				ENABLE_USER_SCRIPT_SANDBOXING = YES;
				GCC_C_LANGUAGE_STANDARD = gnu17;
				GCC_DYNAMIC_NO_PIC = NO;
				GCC_NO_COMMON_BLOCKS = YES;
				GCC_OPTIMIZATION_LEVEL = 0;
				GCC_PREPROCESSOR_DEFINITIONS = (
					"DEBUG=1",
					"$(inherited)",
				);
				GCC_WARN_64_TO_32_BIT_CONVERSION = YES;
				GCC_WARN_ABOUT_RETURN_TYPE = YES_ERROR;
				GCC_WARN_UNDECLARED_SELECTOR = YES;
				GCC_WARN_UNINITIALIZED_AUTOS = YES_AGGRESSIVE;
				GCC_WARN_UNUSED_FUNCTION = YES;
				GCC_WARN_UNUSED_VARIABLE = YES;
				LOCALIZATION_PREFERS_STRING_CATALOGS = YES;
				MACOSX_DEPLOYMENT_TARGET = 14.4;
				MTL_ENABLE_DEBUG_INFO = INCLUDE_SOURCE;
				MTL_FAST_MATH = YES;
				ONLY_ACTIVE_ARCH = YES;
				SDKROOT = macosx;
				SWIFT_ACTIVE_COMPILATION_CONDITIONS = "DEBUG $(inherited)";
				SWIFT_OPTIMIZATION_LEVEL = "-Onone";
			};
			name = Debug;
		};
		6AB83CDC2EDFADD400CE341C /* Release */ = {
			isa = XCBuildConfiguration;
			buildSettings = {
				ALWAYS_SEARCH_USER_PATHS = NO;
				ASSETCATALOG_COMPILER_GENERATE_SWIFT_ASSET_SYMBOL_EXTENSIONS = YES;
				CLANG_ANALYZER_NONNULL = YES;
				CLANG_ANALYZER_NUMBER_OBJECT_CONVERSION = YES_AGGRESSIVE;
				CLANG_CXX_LANGUAGE_STANDARD = "gnu++20";
				CLANG_ENABLE_MODULES = YES;
				CLANG_ENABLE_OBJC_ARC = YES;
				CLANG_ENABLE_OBJC_WEAK = YES;
				CLANG_WARN_BLOCK_CAPTURE_AUTORELEASING = YES;
				CLANG_WARN_BOOL_CONVERSION = YES;
				CLANG_WARN_COMMA = YES;
				CLANG_WARN_CONSTANT_CONVERSION = YES;
				CLANG_WARN_DEPRECATED_OBJC_IMPLEMENTATIONS = YES;
				CLANG_WARN_DIRECT_OBJC_ISA_USAGE = YES_ERROR;
				CLANG_WARN_DOCUMENTATION_COMMENTS = YES;
				CLANG_WARN_EMPTY_BODY = YES;
				CLANG_WARN_ENUM_CONVERSION = YES;
				CLANG_WARN_INFINITE_RECURSION = YES;
				CLANG_WARN_INT_CONVERSION = YES;
				CLANG_WARN_NON_LITERAL_NULL_CONVERSION = YES;
				CLANG_WARN_OBJC_IMPLICIT_RETAIN_SELF = YES;
				CLANG_WARN_OBJC_LITERAL_CONVERSION = YES;
				CLANG_WARN_OBJC_ROOT_CLASS = YES_ERROR;
				CLANG_WARN_QUOTED_INCLUDE_IN_FRAMEWORK_HEADER = YES;
				CLANG_WARN_RANGE_LOOP_ANALYSIS = YES;
				CLANG_WARN_STRICT_PROTOTYPES = YES;
				CLANG_WARN_SUSPICIOUS_MOVE = YES;
				CLANG_WARN_UNGUARDED_AVAILABILITY = YES_AGGRESSIVE;
				CLANG_WARN_UNREACHABLE_CODE = YES;
				CLANG_WARN__DUPLICATE_METHOD_MATCH = YES;
				COPY_PHASE_STRIP = NO;
				DEBUG_INFORMATION_FORMAT = "dwarf-with-dsym";
				ENABLE_NS_ASSERTIONS = NO;
				ENABLE_STRICT_OBJC_MSGSEND = YES;
				ENABLE_USER_SCRIPT_SANDBOXING = YES;
				GCC_C_LANGUAGE_STANDARD = gnu17;
				GCC_NO_COMMON_BLOCKS = YES;
				GCC_WARN_64_TO_32_BIT_CONVERSION = YES;
				GCC_WARN_ABOUT_RETURN_TYPE = YES_ERROR;
				GCC_WARN_UNDECLARED_SELECTOR = YES;
				GCC_WARN_UNINITIALIZED_AUTOS = YES_AGGRESSIVE;
				GCC_WARN_UNUSED_FUNCTION = YES;
				GCC_WARN_UNUSED_VARIABLE = YES;
				LOCALIZATION_PREFERS_STRING_CATALOGS = YES;
				MACOSX_DEPLOYMENT_TARGET = 14.4;
				MTL_ENABLE_DEBUG_INFO = NO;
				MTL_FAST_MATH = YES;
				SDKROOT = macosx;
				SWIFT_COMPILATION_MODE = wholemodule;
			};
			name = Release;
		};
		6AB83CDE2EDFADD400CE341C /* Debug */ = {
			isa = XCBuildConfiguration;
			buildSettings = {
				ALWAYS_EMBED_SWIFT_STANDARD_LIBRARIES = YES;
				ASSETCATALOG_COMPILER_APPICON_NAME = AppIcon;
				ASSETCATALOG_COMPILER_GLOBAL_ACCENT_COLOR_NAME = AccentColor;
				CODE_SIGN_ENTITLEMENTS = GolfTracker/GolfTracker.entitlements;
				CODE_SIGN_STYLE = Automatic;
				COMBINE_HIDPI_IMAGES = YES;
				CURRENT_PROJECT_VERSION = 1;
				DEVELOPMENT_ASSET_PATHS = "\"GolfTracker/Preview Content\"";
				DEVELOPMENT_TEAM = XMH4AVFC78;
				ENABLE_PREVIEWS = YES;
				GENERATE_INFOPLIST_FILE = NO;
				INFOPLIST_FILE = GolfTracker/Info.plist;
				INFOPLIST_KEY_NSHumanReadableCopyright = "";
				LD_RUNPATH_SEARCH_PATHS = (
					"$(inherited)",
					"@executable_path/../Frameworks",
				);
				MARKETING_VERSION = 1.0;
				PRODUCT_BUNDLE_IDENTIFIER = com.Jared.GolfTracker;
				PRODUCT_NAME = "$(TARGET_NAME)";
				SUPPORTED_PLATFORMS = "iphoneos iphonesimulator macosx";
				SUPPORTS_MACCATALYST = NO;
				SWIFT_EMIT_LOC_STRINGS = YES;
				SWIFT_VERSION = 5.0;
				TARGETED_DEVICE_FAMILY = 1;
			};
			name = Debug;
		};
		6AB83CDF2EDFADD400CE341C /* Release */ = {
			isa = XCBuildConfiguration;
			buildSettings = {
				ALWAYS_EMBED_SWIFT_STANDARD_LIBRARIES = YES;
				ASSETCATALOG_COMPILER_APPICON_NAME = AppIcon;
				ASSETCATALOG_COMPILER_GLOBAL_ACCENT_COLOR_NAME = AccentColor;
				CODE_SIGN_ENTITLEMENTS = GolfTracker/GolfTracker.entitlements;
				CODE_SIGN_STYLE = Automatic;
				COMBINE_HIDPI_IMAGES = YES;
				CURRENT_PROJECT_VERSION = 1;
				DEVELOPMENT_ASSET_PATHS = "\"GolfTracker/Preview Content\"";
				DEVELOPMENT_TEAM = XMH4AVFC78;
				ENABLE_PREVIEWS = YES;
				GENERATE_INFOPLIST_FILE = NO;
				INFOPLIST_FILE = GolfTracker/Info.plist;
				INFOPLIST_KEY_NSHumanReadableCopyright = "";
				LD_RUNPATH_SEARCH_PATHS = (
					"$(inherited)",
					"@executable_path/../Frameworks",
				);
				MARKETING_VERSION = 1.0;
				PRODUCT_BUNDLE_IDENTIFIER = com.Jared.GolfTracker;
				PRODUCT_NAME = "$(TARGET_NAME)";
				SUPPORTED_PLATFORMS = "iphoneos iphonesimulator macosx";
				SUPPORTS_MACCATALYST = NO;
				SWIFT_EMIT_LOC_STRINGS = YES;
				SWIFT_VERSION = 5.0;
				TARGETED_DEVICE_FAMILY = 1;
			};
			name = Release;
		};
		6AD5EAC22EE3B79E00DDDCF0 /* Debug */ = {
			isa = XCBuildConfiguration;
			buildSettings = {
				ASSETCATALOG_COMPILER_APPICON_NAME = AppIcon;
				ASSETCATALOG_COMPILER_GLOBAL_ACCENT_COLOR_NAME = AccentColor;
				CODE_SIGN_STYLE = Automatic;
				CURRENT_PROJECT_VERSION = 1;
				DEVELOPMENT_ASSET_PATHS = "\"GolfWatch Watch App/Preview Content\"";
				DEVELOPMENT_TEAM = XMH4AVFC78;
				ENABLE_PREVIEWS = YES;
				GENERATE_INFOPLIST_FILE = NO;
				INFOPLIST_FILE = "GolfWatch Watch App/Info.plist";
				INFOPLIST_KEY_CFBundleDisplayName = GolfWatch;
				INFOPLIST_KEY_CFBundleIconName = AppIcon;
				INFOPLIST_KEY_UISupportedInterfaceOrientations = "UIInterfaceOrientationPortrait UIInterfaceOrientationPortraitUpsideDown";
				INFOPLIST_KEY_WKCompanionAppBundleIdentifier = com.Jared.GolfTracker;
				INFOPLIST_KEY_WKRunsIndependentlyOfCompanionApp = NO;
				LD_RUNPATH_SEARCH_PATHS = (
					"$(inherited)",
					"@executable_path/Frameworks",
				);
				MARKETING_VERSION = 1.0;
				PRODUCT_BUNDLE_IDENTIFIER = com.Jared.GolfTracker.watchkitapp;
				PRODUCT_NAME = "$(TARGET_NAME)";
				SDKROOT = watchos;
				SKIP_INSTALL = YES;
				SWIFT_EMIT_LOC_STRINGS = YES;
				SWIFT_VERSION = 5.0;
				TARGETED_DEVICE_FAMILY = 4;
				WATCHOS_DEPLOYMENT_TARGET = 26.0;
			};
			name = Debug;
		};
		6AD5EAC32EE3B79E00DDDCF0 /* Release */ = {
			isa = XCBuildConfiguration;
			buildSettings = {
				ASSETCATALOG_COMPILER_APPICON_NAME = AppIcon;
				ASSETCATALOG_COMPILER_GLOBAL_ACCENT_COLOR_NAME = AccentColor;
				CODE_SIGN_STYLE = Automatic;
				CURRENT_PROJECT_VERSION = 1;
				DEVELOPMENT_ASSET_PATHS = "\"GolfWatch Watch App/Preview Content\"";
				DEVELOPMENT_TEAM = XMH4AVFC78;
				ENABLE_PREVIEWS = YES;
				GENERATE_INFOPLIST_FILE = NO;
				INFOPLIST_FILE = "GolfWatch Watch App/Info.plist";
				INFOPLIST_KEY_CFBundleDisplayName = GolfWatch;
				INFOPLIST_KEY_CFBundleIconName = AppIcon;
				INFOPLIST_KEY_UISupportedInterfaceOrientations = "UIInterfaceOrientationPortrait UIInterfaceOrientationPortraitUpsideDown";
				INFOPLIST_KEY_WKCompanionAppBundleIdentifier = com.Jared.GolfTracker;
				INFOPLIST_KEY_WKRunsIndependentlyOfCompanionApp = NO;
				LD_RUNPATH_SEARCH_PATHS = (
					"$(inherited)",
					"@executable_path/Frameworks",
				);
				MARKETING_VERSION = 1.0;
				PRODUCT_BUNDLE_IDENTIFIER = com.Jared.GolfTracker.watchkitapp;
				PRODUCT_NAME = "$(TARGET_NAME)";
				SDKROOT = watchos;
				SKIP_INSTALL = YES;
				SWIFT_EMIT_LOC_STRINGS = YES;
				SWIFT_VERSION = 5.0;
				TARGETED_DEVICE_FAMILY = 4;
				VALIDATE_PRODUCT = YES;
				WATCHOS_DEPLOYMENT_TARGET = 26.0;
			};
			name = Release;
		};
/* End XCBuildConfiguration section */

/* Begin XCConfigurationList section */
		6AB83CC92EDFADD200CE341C /* Build configuration list for PBXProject "GolfTracker" */ = {
			isa = XCConfigurationList;
			buildConfigurations = (
				6AB83CDB2EDFADD400CE341C /* Debug */,
				6AB83CDC2EDFADD400CE341C /* Release */,
			);
			defaultConfigurationIsVisible = 0;
			defaultConfigurationName = Release;
		};
		6AB83CDD2EDFADD400CE341C /* Build configuration list for PBXNativeTarget "GolfTracker" */ = {
			isa = XCConfigurationList;
			buildConfigurations = (
				6AB83CDE2EDFADD400CE341C /* Debug */,
				6AB83CDF2EDFADD400CE341C /* Release */,
			);
			defaultConfigurationIsVisible = 0;
			defaultConfigurationName = Release;
		};
		6AD5EAC12EE3B79E00DDDCF0 /* Build configuration list for PBXNativeTarget "GolfWatch Watch App" */ = {
			isa = XCConfigurationList;
			buildConfigurations = (
				6AD5EAC22EE3B79E00DDDCF0 /* Debug */,
				6AD5EAC32EE3B79E00DDDCF0 /* Release */,
			);
			defaultConfigurationIsVisible = 0;
			defaultConfigurationName = Release;
		};
/* End XCConfigurationList section */
	};
	rootObject = 6AB83CC62EDFADD200CE341C /* Project object */;
}
